{
  "name": "ReceiptTracker",
  "lockfileVersion": 3,
  "requires": true,
  "packages": {
    "": {
      "dependencies": {
        "agent-browser": "^0.27.3"
      }
    },
    "node_modules/agent-browser": {
      "version": "0.27.3",
      "resolved": "https://registry.npmjs.org/agent-browser/-/agent-browser-0.27.3.tgz",
      "integrity": "sha512-isQ1xWoYOnfR8BigYRlYmkFOrqw71tKEmUEMmFJGStQFOyCrLSsKoOAZEu8TjPZdmjD1nPQ/hLLYlxTwdHnA0Q==",
      "hasInstallScript": true,
      "license": "Apache-2.0",
      "bin": {
        "agent-browser": "bin/agent-browser.js"
      },
      "engines": {
        "node": ">=24.0.0",
        "pnpm": ">=11.0.0"
      }
    }
  }
}
